
Microsoft Visual Studio Solution File, Format Version 12.00
# Visual Studio Version 17
VisualStudioVersion = 17.13.35507.96 d17.13
MinimumVisualStudioVersion = 10.0.40219.1
Project("{FAE04EC0-301F-11D3-BF4B-00C04F79EFBC}") = "RESTfullAPI", "RESTfullAPI\RESTfullAPI.csproj", "{F8951F75-41B5-477F-B2FD-8921F0B98298}"
EndProject
Global
	GlobalSection(SolutionConfigurationPlatforms) = preSolution
		Debug|Any CPU = Debug|Any CPU
		Release|Any CPU = Release|Any CPU
	EndGlobalSection
	GlobalSection(ProjectConfigurationPlatforms) = postSolution
		{F8951F75-41B5-477F-B2FD-8921F0B98298}.Debug|Any CPU.ActiveCfg = Debug|Any CPU
		{F8951F75-41B5-477F-B2FD-8921F0B98298}.Debug|Any CPU.Build.0 = Debug|Any CPU
		{F8951F75-41B5-477F-B2FD-8921F0B98298}.Release|Any CPU.ActiveCfg = Release|Any CPU
		{F8951F75-41B5-477F-B2FD-8921F0B98298}.Release|Any CPU.Build.0 = Release|Any CPU
	EndGlobalSection
	GlobalSection(SolutionProperties) = preSolution
		HideSolutionNode = FALSE
	EndGlobalSection
	GlobalSection(ExtensibilityGlobals) = postSolution
		SolutionGuid = {FC2363A2-AC08-4893-8954-4D9CDEB1CEC1}
	EndGlobalSection
EndGlobal
